
Microsoft Visual Studio Solution File, Format Version 12.00
# Visual Studio Version 16
VisualStudioVersion = 16.0.29521.150
MinimumVisualStudioVersion = 10.0.40219.1
Project("{9A19103F-16F7-4668-BE54-9A1E7A4F7556}") = "Microservices.User.API", "Microservices.User.API.csproj", "{7F4734BF-36EC-4AD1-A0E1-BDDDA51904C6}"
EndProject
Project("{9A19103F-16F7-4668-BE54-9A1E7A4F7556}") = "Microservices.Address.API", "..\Microservices.Address.API\Microservices.Address.API.csproj", "{3C7598CF-4BF5-4B4F-A21B-18CE2995C64F}"
EndProject
Project("{9A19103F-16F7-4668-BE54-9A1E7A4F7556}") = "Microservices.AddressBook.API", "..\Microservices.AddressBook.API\Microservices.AddressBook.API.csproj", "{EC3F9C49-A4D5-422D-8011-697BFBDFDC7B}"
EndProject
Project("{9A19103F-16F7-4668-BE54-9A1E7A4F7556}") = "Microservices.API.Gateways", "..\Microservices.API.Gateways\Microservices.API.Gateways.csproj", "{E83F3618-A8BD-488B-92B0-78AC1DC8D309}"
EndProject
Project("{2150E333-8FDC-42A3-9474-1A3956D46DE8}") = "Src", "Src", "{39A8BBE4-F1D4-4598-A0B5-CA064B3056AF}"
EndProject
Project("{2150E333-8FDC-42A3-9474-1A3956D46DE8}") = "Services", "Services", "{E25D838F-767C-4D94-A705-84F10AABE25F}"
EndProject
Project("{2150E333-8FDC-42A3-9474-1A3956D46DE8}") = "Address", "Address", "{CA15357A-0444-409A-A0FB-61A4FAD0989E}"
EndProject
Project("{2150E333-8FDC-42A3-9474-1A3956D46DE8}") = "User", "User", "{19FE73AB-001C-4FE3-BB78-9FB221C672B1}"
EndProject
Project("{2150E333-8FDC-42A3-9474-1A3956D46DE8}") = "AddressBook", "AddressBook", "{7CA6A7F7-7CCC-4094-9F67-DE0DCC410799}"
EndProject
Project("{2150E333-8FDC-42A3-9474-1A3956D46DE8}") = "Tests", "Tests", "{2C8116B1-2EB0-4548-8BB9-1DF3964E305D}"
EndProject
Project("{2150E333-8FDC-42A3-9474-1A3956D46DE8}") = "Tests", "Tests", "{9265CCB8-60AF-4534-8B39-9B7298835DFE}"
EndProject
Project("{2150E333-8FDC-42A3-9474-1A3956D46DE8}") = "Tests", "Tests", "{6E0547D2-27F7-4C01-ACC6-EB8F79213873}"
EndProject
Project("{9A19103F-16F7-4668-BE54-9A1E7A4F7556}") = "Micoservices.Address.FunctionalTests", "..\Micoservices.Address.FunctionalTests\Micoservices.Address.FunctionalTests.csproj", "{7B663AA7-A63F-46A3-A5D9-CA7A59D87355}"
EndProject
Project("{9A19103F-16F7-4668-BE54-9A1E7A4F7556}") = "Microservices.Address.UnitTests", "..\Microservices.Address.UnitTests\Microservices.Address.UnitTests.csproj", "{C620550B-D2BA-4D77-9873-1F020450C96A}"
EndProject
Project("{2150E333-8FDC-42A3-9474-1A3956D46DE8}") = "GateWays", "GateWays", "{40601080-89BF-48B5-AF52-671056738393}"
EndProject
Project("{9A19103F-16F7-4668-BE54-9A1E7A4F7556}") = "Microservice.AddressBook.Functionaltests", "..\Microservice.AddressBook.Functionaltests\Microservice.AddressBook.Functionaltests.csproj", "{A6812863-AD2C-4097-9428-161F5B7A3082}"
EndProject
Project("{9A19103F-16F7-4668-BE54-9A1E7A4F7556}") = "Microservice.AddressBook.UnitTests", "..\Microservice.AddressBook.UnitTests\Microservice.AddressBook.UnitTests.csproj", "{72C589E2-0D2C-4EE3-9A7C-93EBD34C1779}"
EndProject
Project("{9A19103F-16F7-4668-BE54-9A1E7A4F7556}") = "Microservices.User.Functionaltests", "..\Microservices.User.Functionaltests\Microservices.User.Functionaltests.csproj", "{D38C6893-F5F1-4EBA-8D99-C918F61F41FF}"
EndProject
Project("{9A19103F-16F7-4668-BE54-9A1E7A4F7556}") = "Microservices.User.UnitTests", "..\Microservices.User.UnitTests\Microservices.User.UnitTests.csproj", "{7B17C472-0E96-4E4F-B110-00229A0012AB}"
EndProject
Global
	GlobalSection(SolutionConfigurationPlatforms) = preSolution
		Debug|Any CPU = Debug|Any CPU
		Release|Any CPU = Release|Any CPU
	EndGlobalSection
	GlobalSection(ProjectConfigurationPlatforms) = postSolution
		{7F4734BF-36EC-4AD1-A0E1-BDDDA51904C6}.Debug|Any CPU.ActiveCfg = Debug|Any CPU
		{7F4734BF-36EC-4AD1-A0E1-BDDDA51904C6}.Debug|Any CPU.Build.0 = Debug|Any CPU
		{7F4734BF-36EC-4AD1-A0E1-BDDDA51904C6}.Release|Any CPU.ActiveCfg = Release|Any CPU
		{7F4734BF-36EC-4AD1-A0E1-BDDDA51904C6}.Release|Any CPU.Build.0 = Release|Any CPU
		{3C7598CF-4BF5-4B4F-A21B-18CE2995C64F}.Debug|Any CPU.ActiveCfg = Debug|Any CPU
		{3C7598CF-4BF5-4B4F-A21B-18CE2995C64F}.Debug|Any CPU.Build.0 = Debug|Any CPU
		{3C7598CF-4BF5-4B4F-A21B-18CE2995C64F}.Release|Any CPU.ActiveCfg = Release|Any CPU
		{3C7598CF-4BF5-4B4F-A21B-18CE2995C64F}.Release|Any CPU.Build.0 = Release|Any CPU
		{EC3F9C49-A4D5-422D-8011-697BFBDFDC7B}.Debug|Any CPU.ActiveCfg = Debug|Any CPU
		{EC3F9C49-A4D5-422D-8011-697BFBDFDC7B}.Debug|Any CPU.Build.0 = Debug|Any CPU
		{EC3F9C49-A4D5-422D-8011-697BFBDFDC7B}.Release|Any CPU.ActiveCfg = Release|Any CPU
		{EC3F9C49-A4D5-422D-8011-697BFBDFDC7B}.Release|Any CPU.Build.0 = Release|Any CPU
		{E83F3618-A8BD-488B-92B0-78AC1DC8D309}.Debug|Any CPU.ActiveCfg = Debug|Any CPU
		{E83F3618-A8BD-488B-92B0-78AC1DC8D309}.Debug|Any CPU.Build.0 = Debug|Any CPU
		{E83F3618-A8BD-488B-92B0-78AC1DC8D309}.Release|Any CPU.ActiveCfg = Release|Any CPU
		{E83F3618-A8BD-488B-92B0-78AC1DC8D309}.Release|Any CPU.Build.0 = Release|Any CPU
		{7B663AA7-A63F-46A3-A5D9-CA7A59D87355}.Debug|Any CPU.ActiveCfg = Debug|Any CPU
		{7B663AA7-A63F-46A3-A5D9-CA7A59D87355}.Debug|Any CPU.Build.0 = Debug|Any CPU
		{7B663AA7-A63F-46A3-A5D9-CA7A59D87355}.Release|Any CPU.ActiveCfg = Release|Any CPU
		{7B663AA7-A63F-46A3-A5D9-CA7A59D87355}.Release|Any CPU.Build.0 = Release|Any CPU
		{C620550B-D2BA-4D77-9873-1F020450C96A}.Debug|Any CPU.ActiveCfg = Debug|Any CPU
		{C620550B-D2BA-4D77-9873-1F020450C96A}.Debug|Any CPU.Build.0 = Debug|Any CPU
		{C620550B-D2BA-4D77-9873-1F020450C96A}.Release|Any CPU.ActiveCfg = Release|Any CPU
		{C620550B-D2BA-4D77-9873-1F020450C96A}.Release|Any CPU.Build.0 = Release|Any CPU
		{A6812863-AD2C-4097-9428-161F5B7A3082}.Debug|Any CPU.ActiveCfg = Debug|Any CPU
		{A6812863-AD2C-4097-9428-161F5B7A3082}.Debug|Any CPU.Build.0 = Debug|Any CPU
		{A6812863-AD2C-4097-9428-161F5B7A3082}.Release|Any CPU.ActiveCfg = Release|Any CPU
		{A6812863-AD2C-4097-9428-161F5B7A3082}.Release|Any CPU.Build.0 = Release|Any CPU
		{72C589E2-0D2C-4EE3-9A7C-93EBD34C1779}.Debug|Any CPU.ActiveCfg = Debug|Any CPU
		{72C589E2-0D2C-4EE3-9A7C-93EBD34C1779}.Debug|Any CPU.Build.0 = Debug|Any CPU
		{72C589E2-0D2C-4EE3-9A7C-93EBD34C1779}.Release|Any CPU.ActiveCfg = Release|Any CPU
		{72C589E2-0D2C-4EE3-9A7C-93EBD34C1779}.Release|Any CPU.Build.0 = Release|Any CPU
		{D38C6893-F5F1-4EBA-8D99-C918F61F41FF}.Debug|Any CPU.ActiveCfg = Debug|Any CPU
		{D38C6893-F5F1-4EBA-8D99-C918F61F41FF}.Debug|Any CPU.Build.0 = Debug|Any CPU
		{D38C6893-F5F1-4EBA-8D99-C918F61F41FF}.Release|Any CPU.ActiveCfg = Release|Any CPU
		{D38C6893-F5F1-4EBA-8D99-C918F61F41FF}.Release|Any CPU.Build.0 = Release|Any CPU
		{7B17C472-0E96-4E4F-B110-00229A0012AB}.Debug|Any CPU.ActiveCfg = Debug|Any CPU
		{7B17C472-0E96-4E4F-B110-00229A0012AB}.Debug|Any CPU.Build.0 = Debug|Any CPU
		{7B17C472-0E96-4E4F-B110-00229A0012AB}.Release|Any CPU.ActiveCfg = Release|Any CPU
		{7B17C472-0E96-4E4F-B110-00229A0012AB}.Release|Any CPU.Build.0 = Release|Any CPU
	EndGlobalSection
	GlobalSection(SolutionProperties) = preSolution
		HideSolutionNode = FALSE
	EndGlobalSection
	GlobalSection(NestedProjects) = preSolution
		{7F4734BF-36EC-4AD1-A0E1-BDDDA51904C6} = {19FE73AB-001C-4FE3-BB78-9FB221C672B1}
		{3C7598CF-4BF5-4B4F-A21B-18CE2995C64F} = {CA15357A-0444-409A-A0FB-61A4FAD0989E}
		{EC3F9C49-A4D5-422D-8011-697BFBDFDC7B} = {7CA6A7F7-7CCC-4094-9F67-DE0DCC410799}
		{E83F3618-A8BD-488B-92B0-78AC1DC8D309} = {40601080-89BF-48B5-AF52-671056738393}
		{E25D838F-767C-4D94-A705-84F10AABE25F} = {39A8BBE4-F1D4-4598-A0B5-CA064B3056AF}
		{CA15357A-0444-409A-A0FB-61A4FAD0989E} = {E25D838F-767C-4D94-A705-84F10AABE25F}
		{19FE73AB-001C-4FE3-BB78-9FB221C672B1} = {E25D838F-767C-4D94-A705-84F10AABE25F}
		{7CA6A7F7-7CCC-4094-9F67-DE0DCC410799} = {E25D838F-767C-4D94-A705-84F10AABE25F}
		{2C8116B1-2EB0-4548-8BB9-1DF3964E305D} = {CA15357A-0444-409A-A0FB-61A4FAD0989E}
		{9265CCB8-60AF-4534-8B39-9B7298835DFE} = {7CA6A7F7-7CCC-4094-9F67-DE0DCC410799}
		{6E0547D2-27F7-4C01-ACC6-EB8F79213873} = {19FE73AB-001C-4FE3-BB78-9FB221C672B1}
		{7B663AA7-A63F-46A3-A5D9-CA7A59D87355} = {2C8116B1-2EB0-4548-8BB9-1DF3964E305D}
		{C620550B-D2BA-4D77-9873-1F020450C96A} = {2C8116B1-2EB0-4548-8BB9-1DF3964E305D}
		{40601080-89BF-48B5-AF52-671056738393} = {39A8BBE4-F1D4-4598-A0B5-CA064B3056AF}
		{A6812863-AD2C-4097-9428-161F5B7A3082} = {9265CCB8-60AF-4534-8B39-9B7298835DFE}
		{72C589E2-0D2C-4EE3-9A7C-93EBD34C1779} = {9265CCB8-60AF-4534-8B39-9B7298835DFE}
		{D38C6893-F5F1-4EBA-8D99-C918F61F41FF} = {6E0547D2-27F7-4C01-ACC6-EB8F79213873}
		{7B17C472-0E96-4E4F-B110-00229A0012AB} = {6E0547D2-27F7-4C01-ACC6-EB8F79213873}
	EndGlobalSection
	GlobalSection(ExtensibilityGlobals) = postSolution
		SolutionGuid = {A1907B36-749B-4994-A1CD-2F3804BAF1C7}
	EndGlobalSection
EndGlobal
